
Microsoft Visual Studio Solution File, Format Version 12.00
# Visual Studio Version 16
VisualStudioVersion = 25.0.1706.0
MinimumVisualStudioVersion = 10.0.40219.1
Project("{FAE04EC0-301F-11D3-BF4B-00C04F79EFBC}") = "Az_Func_GetRequest", "Az_Func_GetRequest\Az_Func_GetRequest.csproj", "{D64CC6E0-1F17-4478-A186-B48591885950}"
EndProject
Global
	GlobalSection(SolutionConfigurationPlatforms) = preSolution
		Debug|Any CPU = Debug|Any CPU
		Release|Any CPU = Release|Any CPU
	EndGlobalSection
	GlobalSection(ProjectConfigurationPlatforms) = postSolution
		{D64CC6E0-1F17-4478-A186-B48591885950}.Debug|Any CPU.ActiveCfg = Debug|Any CPU
		{D64CC6E0-1F17-4478-A186-B48591885950}.Debug|Any CPU.Build.0 = Debug|Any CPU
		{D64CC6E0-1F17-4478-A186-B48591885950}.Release|Any CPU.ActiveCfg = Release|Any CPU
		{D64CC6E0-1F17-4478-A186-B48591885950}.Release|Any CPU.Build.0 = Release|Any CPU
	EndGlobalSection
	GlobalSection(SolutionProperties) = preSolution
		HideSolutionNode = FALSE
	EndGlobalSection
	GlobalSection(ExtensibilityGlobals) = postSolution
		SolutionGuid = {093ABE65-1893-40F1-907A-136526B1FF47}
	EndGlobalSection
EndGlobal
